// !$*UTF8*$!
{
	archiveVersion = 1;
	classes = {
	};
	objectVersion = 46;
	objects = {

/* Begin PBXBuildFile section */
		4F50BE631A12985300921E99 /* People.swift in Sources */ = {isa = PBXBuildFile; fileRef = 4F50BE621A12985300921E99 /* People.swift */; };
		4F87D3DD1A0FF99A002031CB /* AppDelegate.swift in Sources */ = {isa = PBXBuildFile; fileRef = 4F87D3DC1A0FF99A002031CB /* AppDelegate.swift */; };
		4F87D3E01A0FF99A002031CB /* PT1.xcdatamodeld in Sources */ = {isa = PBXBuildFile; fileRef = 4F87D3DE1A0FF99A002031CB /* PT1.xcdatamodeld */; };
		4F87D3E21A0FF99A002031CB /* ViewController.swift in Sources */ = {isa = PBXBuildFile; fileRef = 4F87D3E11A0FF99A002031CB /* ViewController.swift */; };
		4F87D3E51A0FF99A002031CB /* Main.storyboard in Resources */ = {isa = PBXBuildFile; fileRef = 4F87D3E31A0FF99A002031CB /* Main.storyboard */; };
		4F87D3E71A0FF99A002031CB /* Images.xcassets in Resources */ = {isa = PBXBuildFile; fileRef = 4F87D3E61A0FF99A002031CB /* Images.xcassets */; };
		4F87D3EA1A0FF99B002031CB /* LaunchScreen.xib in Resources */ = {isa = PBXBuildFile; fileRef = 4F87D3E81A0FF99B002031CB /* LaunchScreen.xib */; };
		4F87D3F61A0FF99B002031CB /* PT1Tests.swift in Sources */ = {isa = PBXBuildFile; fileRef = 4F87D3F51A0FF99B002031CB /* PT1Tests.swift */; };
		4F87D4001A0FFA53002031CB /* AudioToolbox.framework in Frameworks */ = {isa = PBXBuildFile; fileRef = 4F87D3FF1A0FFA53002031CB /* AudioToolbox.framework */; };
		4F87D4021A0FFA5A002031CB /* CFNetwork.framework in Frameworks */ = {isa = PBXBuildFile; fileRef = 4F87D4011A0FFA5A002031CB /* CFNetwork.framework */; };
		4F87D4041A0FFA60002031CB /* CoreGraphics.framework in Frameworks */ = {isa = PBXBuildFile; fileRef = 4F87D4031A0FFA60002031CB /* CoreGraphics.framework */; };
		4F87D4061A0FFA66002031CB /* CoreLocation.framework in Frameworks */ = {isa = PBXBuildFile; fileRef = 4F87D4051A0FFA66002031CB /* CoreLocation.framework */; };
		4F87D4081A0FFA6E002031CB /* libz.dylib in Frameworks */ = {isa = PBXBuildFile; fileRef = 4F87D4071A0FFA6E002031CB /* libz.dylib */; };
		4F87D40A1A0FFA7B002031CB /* MobileCoreServices.framework in Frameworks */ = {isa = PBXBuildFile; fileRef = 4F87D4091A0FFA7B002031CB /* MobileCoreServices.framework */; };
		4F87D40C1A0FFA81002031CB /* QuartzCore.framework in Frameworks */ = {isa = PBXBuildFile; fileRef = 4F87D40B1A0FFA81002031CB /* QuartzCore.framework */; };
		4F87D40E1A0FFA89002031CB /* Security.framework in Frameworks */ = {isa = PBXBuildFile; fileRef = 4F87D40D1A0FFA89002031CB /* Security.framework */; };
		4F87D4101A0FFA95002031CB /* StoreKit.framework in Frameworks */ = {isa = PBXBuildFile; fileRef = 4F87D40F1A0FFA95002031CB /* StoreKit.framework */; };
		4F87D4121A0FFA9E002031CB /* SystemConfiguration.framework in Frameworks */ = {isa = PBXBuildFile; fileRef = 4F87D4111A0FFA9E002031CB /* SystemConfiguration.framework */; };
		4F87D4161A0FFCF8002031CB /* Bolts.framework in Frameworks */ = {isa = PBXBuildFile; fileRef = 4F87D4141A0FFCF8002031CB /* Bolts.framework */; };
		4F87D4171A0FFCF8002031CB /* Parse.framework in Frameworks */ = {isa = PBXBuildFile; fileRef = 4F87D4151A0FFCF8002031CB /* Parse.framework */; };
		4F87D41A1A0FFD9E002031CB /* dummy.m in Sources */ = {isa = PBXBuildFile; fileRef = 4F87D4191A0FFD9E002031CB /* dummy.m */; };
		4F87D41C1A1004F6002031CB /* ParseUI.framework in Frameworks */ = {isa = PBXBuildFile; fileRef = 4F87D41B1A1004F6002031CB /* ParseUI.framework */; };
		4F87D4201A100B2F002031CB /* ParseFacebookUtils.framework in Frameworks */ = {isa = PBXBuildFile; fileRef = 4F87D41F1A100B2F002031CB /* ParseFacebookUtils.framework */; };
/* End PBXBuildFile section */

/* Begin PBXContainerItemProxy section */
		4F87D3F01A0FF99B002031CB /* PBXContainerItemProxy */ = {
			isa = PBXContainerItemProxy;
			containerPortal = 4F87D3CF1A0FF99A002031CB /* Project object */;
			proxyType = 1;
			remoteGlobalIDString = 4F87D3D61A0FF99A002031CB;
			remoteInfo = PT1;
		};
/* End PBXContainerItemProxy section */

/* Begin PBXFileReference section */
		4F50BE621A12985300921E99 /* People.swift */ = {isa = PBXFileReference; fileEncoding = 4; lastKnownFileType = sourcecode.swift; path = People.swift; sourceTree = "<group>"; };
		4F87D3D71A0FF99A002031CB /* PT1.app */ = {isa = PBXFileReference; explicitFileType = wrapper.application; includeInIndex = 0; path = PT1.app; sourceTree = BUILT_PRODUCTS_DIR; };
		4F87D3DB1A0FF99A002031CB /* Info.plist */ = {isa = PBXFileReference; lastKnownFileType = text.plist.xml; path = Info.plist; sourceTree = "<group>"; };
		4F87D3DC1A0FF99A002031CB /* AppDelegate.swift */ = {isa = PBXFileReference; lastKnownFileType = sourcecode.swift; path = AppDelegate.swift; sourceTree = "<group>"; };
		4F87D3DF1A0FF99A002031CB /* PT1.xcdatamodel */ = {isa = PBXFileReference; lastKnownFileType = wrapper.xcdatamodel; path = PT1.xcdatamodel; sourceTree = "<group>"; };
		4F87D3E11A0FF99A002031CB /* ViewController.swift */ = {isa = PBXFileReference; lastKnownFileType = sourcecode.swift; path = ViewController.swift; sourceTree = "<group>"; };
		4F87D3E41A0FF99A002031CB /* Base */ = {isa = PBXFileReference; lastKnownFileType = file.storyboard; name = Base; path = Base.lproj/Main.storyboard; sourceTree = "<group>"; };
		4F87D3E61A0FF99A002031CB /* Images.xcassets */ = {isa = PBXFileReference; lastKnownFileType = folder.assetcatalog; path = Images.xcassets; sourceTree = "<group>"; };
		4F87D3E91A0FF99B002031CB /* Base */ = {isa = PBXFileReference; lastKnownFileType = file.xib; name = Base; path = Base.lproj/LaunchScreen.xib; sourceTree = "<group>"; };
		4F87D3EF1A0FF99B002031CB /* PT1Tests.xctest */ = {isa = PBXFileReference; explicitFileType = wrapper.cfbundle; includeInIndex = 0; path = PT1Tests.xctest; sourceTree = BUILT_PRODUCTS_DIR; };
		4F87D3F41A0FF99B002031CB /* Info.plist */ = {isa = PBXFileReference; lastKnownFileType = text.plist.xml; path = Info.plist; sourceTree = "<group>"; };
		4F87D3F51A0FF99B002031CB /* PT1Tests.swift */ = {isa = PBXFileReference; lastKnownFileType = sourcecode.swift; path = PT1Tests.swift; sourceTree = "<group>"; };
		4F87D3FF1A0FFA53002031CB /* AudioToolbox.framework */ = {isa = PBXFileReference; lastKnownFileType = wrapper.framework; name = AudioToolbox.framework; path = System/Library/Frameworks/AudioToolbox.framework; sourceTree = SDKROOT; };
		4F87D4011A0FFA5A002031CB /* CFNetwork.framework */ = {isa = PBXFileReference; lastKnownFileType = wrapper.framework; name = CFNetwork.framework; path = System/Library/Frameworks/CFNetwork.framework; sourceTree = SDKROOT; };
		4F87D4031A0FFA60002031CB /* CoreGraphics.framework */ = {isa = PBXFileReference; lastKnownFileType = wrapper.framework; name = CoreGraphics.framework; path = System/Library/Frameworks/CoreGraphics.framework; sourceTree = SDKROOT; };
		4F87D4051A0FFA66002031CB /* CoreLocation.framework */ = {isa = PBXFileReference; lastKnownFileType = wrapper.framework; name = CoreLocation.framework; path = System/Library/Frameworks/CoreLocation.framework; sourceTree = SDKROOT; };
		4F87D4071A0FFA6E002031CB /* libz.dylib */ = {isa = PBXFileReference; lastKnownFileType = "compiled.mach-o.dylib"; name = libz.dylib; path = usr/lib/libz.dylib; sourceTree = SDKROOT; };
		4F87D4091A0FFA7B002031CB /* MobileCoreServices.framework */ = {isa = PBXFileReference; lastKnownFileType = wrapper.framework; name = MobileCoreServices.framework; path = System/Library/Frameworks/MobileCoreServices.framework; sourceTree = SDKROOT; };
		4F87D40B1A0FFA81002031CB /* QuartzCore.framework */ = {isa = PBXFileReference; lastKnownFileType = wrapper.framework; name = QuartzCore.framework; path = System/Library/Frameworks/QuartzCore.framework; sourceTree = SDKROOT; };
		4F87D40D1A0FFA89002031CB /* Security.framework */ = {isa = PBXFileReference; lastKnownFileType = wrapper.framework; name = Security.framework; path = System/Library/Frameworks/Security.framework; sourceTree = SDKROOT; };
		4F87D40F1A0FFA95002031CB /* StoreKit.framework */ = {isa = PBXFileReference; lastKnownFileType = wrapper.framework; name = StoreKit.framework; path = System/Library/Frameworks/StoreKit.framework; sourceTree = SDKROOT; };
		4F87D4111A0FFA9E002031CB /* SystemConfiguration.framework */ = {isa = PBXFileReference; lastKnownFileType = wrapper.framework; name = SystemConfiguration.framework; path = System/Library/Frameworks/SystemConfiguration.framework; sourceTree = SDKROOT; };
		4F87D4141A0FFCF8002031CB /* Bolts.framework */ = {isa = PBXFileReference; lastKnownFileType = wrapper.framework; path = Bolts.framework; sourceTree = "<group>"; };
		4F87D4151A0FFCF8002031CB /* Parse.framework */ = {isa = PBXFileReference; lastKnownFileType = wrapper.framework; path = Parse.framework; sourceTree = "<group>"; };
		4F87D4181A0FFD9D002031CB /* PT1-Bridging-Header.h */ = {isa = PBXFileReference; lastKnownFileType = sourcecode.c.h; path = "PT1-Bridging-Header.h"; sourceTree = "<group>"; };
		4F87D4191A0FFD9E002031CB /* dummy.m */ = {isa = PBXFileReference; fileEncoding = 4; lastKnownFileType = sourcecode.c.objc; path = dummy.m; sourceTree = "<group>"; };
		4F87D41B1A1004F6002031CB /* ParseUI.framework */ = {isa = PBXFileReference; lastKnownFileType = wrapper.framework; path = ParseUI.framework; sourceTree = "<group>"; };
		4F87D41F1A100B2F002031CB /* ParseFacebookUtils.framework */ = {isa = PBXFileReference; lastKnownFileType = wrapper.framework; path = ParseFacebookUtils.framework; sourceTree = "<group>"; };
/* End PBXFileReference section */

/* Begin PBXFrameworksBuildPhase section */
		4F87D3D41A0FF99A002031CB /* Frameworks */ = {
			isa = PBXFrameworksBuildPhase;
			buildActionMask = 2147483647;
			files = (
				4F87D4201A100B2F002031CB /* ParseFacebookUtils.framework in Frameworks */,
				4F87D4121A0FFA9E002031CB /* SystemConfiguration.framework in Frameworks */,
				4F87D4101A0FFA95002031CB /* StoreKit.framework in Frameworks */,
				4F87D40E1A0FFA89002031CB /* Security.framework in Frameworks */,
				4F87D40C1A0FFA81002031CB /* QuartzCore.framework in Frameworks */,
				4F87D40A1A0FFA7B002031CB /* MobileCoreServices.framework in Frameworks */,
				4F87D4081A0FFA6E002031CB /* libz.dylib in Frameworks */,
				4F87D4061A0FFA66002031CB /* CoreLocation.framework in Frameworks */,
				4F87D4041A0FFA60002031CB /* CoreGraphics.framework in Frameworks */,
				4F87D4161A0FFCF8002031CB /* Bolts.framework in Frameworks */,
				4F87D4021A0FFA5A002031CB /* CFNetwork.framework in Frameworks */,
				4F87D4171A0FFCF8002031CB /* Parse.framework in Frameworks */,
				4F87D4001A0FFA53002031CB /* AudioToolbox.framework in Frameworks */,
				4F87D41C1A1004F6002031CB /* ParseUI.framework in Frameworks */,
			);
			runOnlyForDeploymentPostprocessing = 0;
		};
		4F87D3EC1A0FF99B002031CB /* Frameworks */ = {
			isa = PBXFrameworksBuildPhase;
			buildActionMask = 2147483647;
			files = (
			);
			runOnlyForDeploymentPostprocessing = 0;
		};
/* End PBXFrameworksBuildPhase section */

/* Begin PBXGroup section */
		4F87D3CE1A0FF99A002031CB = {
			isa = PBXGroup;
			children = (
				4F87D4191A0FFD9E002031CB /* dummy.m */,
				4F87D4131A0FFAAA002031CB /* Frameworks */,
				4F87D3D91A0FF99A002031CB /* PT1 */,
				4F87D3F21A0FF99B002031CB /* PT1Tests */,
				4F87D3D81A0FF99A002031CB /* Products */,
				4F87D4181A0FFD9D002031CB /* PT1-Bridging-Header.h */,
			);
			sourceTree = "<group>";
		};
		4F87D3D81A0FF99A002031CB /* Products */ = {
			isa = PBXGroup;
			children = (
				4F87D3D71A0FF99A002031CB /* PT1.app */,
				4F87D3EF1A0FF99B002031CB /* PT1Tests.xctest */,
			);
			name = Products;
			sourceTree = "<group>";
		};
		4F87D3D91A0FF99A002031CB /* PT1 */ = {
			isa = PBXGroup;
			children = (
				4F87D3DC1A0FF99A002031CB /* AppDelegate.swift */,
				4F87D3E11A0FF99A002031CB /* ViewController.swift */,
				4F87D3E31A0FF99A002031CB /* Main.storyboard */,
				4F87D3E61A0FF99A002031CB /* Images.xcassets */,
				4F87D3E81A0FF99B002031CB /* LaunchScreen.xib */,
				4F87D3DE1A0FF99A002031CB /* PT1.xcdatamodeld */,
				4F50BE621A12985300921E99 /* People.swift */,
				4F87D3DA1A0FF99A002031CB /* Supporting Files */,
			);
			path = PT1;
			sourceTree = "<group>";
		};
		4F87D3DA1A0FF99A002031CB /* Supporting Files */ = {
			isa = PBXGroup;
			children = (
				4F87D3DB1A0FF99A002031CB /* Info.plist */,
			);
			name = "Supporting Files";
			sourceTree = "<group>";
		};
		4F87D3F21A0FF99B002031CB /* PT1Tests */ = {
			isa = PBXGroup;
			children = (
				4F87D3F51A0FF99B002031CB /* PT1Tests.swift */,
				4F87D3F31A0FF99B002031CB /* Supporting Files */,
			);
			path = PT1Tests;
			sourceTree = "<group>";
		};
		4F87D3F31A0FF99B002031CB /* Supporting Files */ = {
			isa = PBXGroup;
			children = (
				4F87D3F41A0FF99B002031CB /* Info.plist */,
			);
			name = "Supporting Files";
			sourceTree = "<group>";
		};
		4F87D4131A0FFAAA002031CB /* Frameworks */ = {
			isa = PBXGroup;
			children = (
				4F87D41F1A100B2F002031CB /* ParseFacebookUtils.framework */,
				4F87D41B1A1004F6002031CB /* ParseUI.framework */,
				4F87D4141A0FFCF8002031CB /* Bolts.framework */,
				4F87D4151A0FFCF8002031CB /* Parse.framework */,
				4F87D4111A0FFA9E002031CB /* SystemConfiguration.framework */,
				4F87D40F1A0FFA95002031CB /* StoreKit.framework */,
				4F87D40D1A0FFA89002031CB /* Security.framework */,
				4F87D40B1A0FFA81002031CB /* QuartzCore.framework */,
				4F87D4091A0FFA7B002031CB /* MobileCoreServices.framework */,
				4F87D4071A0FFA6E002031CB /* libz.dylib */,
				4F87D4051A0FFA66002031CB /* CoreLocation.framework */,
				4F87D4031A0FFA60002031CB /* CoreGraphics.framework */,
				4F87D4011A0FFA5A002031CB /* CFNetwork.framework */,
				4F87D3FF1A0FFA53002031CB /* AudioToolbox.framework */,
			);
			name = Frameworks;
			sourceTree = "<group>";
		};
/* End PBXGroup section */

/* Begin PBXNativeTarget section */
		4F87D3D61A0FF99A002031CB /* PT1 */ = {
			isa = PBXNativeTarget;
			buildConfigurationList = 4F87D3F91A0FF99B002031CB /* Build configuration list for PBXNativeTarget "PT1" */;
			buildPhases = (
				4F87D3D31A0FF99A002031CB /* Sources */,
				4F87D3D41A0FF99A002031CB /* Frameworks */,
				4F87D3D51A0FF99A002031CB /* Resources */,
			);
			buildRules = (
			);
			dependencies = (
			);
			name = PT1;
			productName = PT1;
			productReference = 4F87D3D71A0FF99A002031CB /* PT1.app */;
			productType = "com.apple.product-type.application";
		};
		4F87D3EE1A0FF99B002031CB /* PT1Tests */ = {
			isa = PBXNativeTarget;
			buildConfigurationList = 4F87D3FC1A0FF99B002031CB /* Build configuration list for PBXNativeTarget "PT1Tests" */;
			buildPhases = (
				4F87D3EB1A0FF99B002031CB /* Sources */,
				4F87D3EC1A0FF99B002031CB /* Frameworks */,
				4F87D3ED1A0FF99B002031CB /* Resources */,
			);
			buildRules = (
			);
			dependencies = (
				4F87D3F11A0FF99B002031CB /* PBXTargetDependency */,
			);
			name = PT1Tests;
			productName = PT1Tests;
			productReference = 4F87D3EF1A0FF99B002031CB /* PT1Tests.xctest */;
			productType = "com.apple.product-type.bundle.unit-test";
		};
/* End PBXNativeTarget section */

/* Begin PBXProject section */
		4F87D3CF1A0FF99A002031CB /* Project object */ = {
			isa = PBXProject;
			attributes = {
				LastUpgradeCheck = 0610;
				ORGANIZATIONNAME = "Noah Ludescher";
				TargetAttributes = {
					4F87D3D61A0FF99A002031CB = {
						CreatedOnToolsVersion = 6.1;
					};
					4F87D3EE1A0FF99B002031CB = {
						CreatedOnToolsVersion = 6.1;
						TestTargetID = 4F87D3D61A0FF99A002031CB;
					};
				};
			};
			buildConfigurationList = 4F87D3D21A0FF99A002031CB /* Build configuration list for PBXProject "PT1" */;
			compatibilityVersion = "Xcode 3.2";
			developmentRegion = English;
			hasScannedForEncodings = 0;
			knownRegions = (
				en,
				Base,
			);
			mainGroup = 4F87D3CE1A0FF99A002031CB;
			productRefGroup = 4F87D3D81A0FF99A002031CB /* Products */;
			projectDirPath = "";
			projectRoot = "";
			targets = (
				4F87D3D61A0FF99A002031CB /* PT1 */,
				4F87D3EE1A0FF99B002031CB /* PT1Tests */,
			);
		};
/* End PBXProject section */

/* Begin PBXResourcesBuildPhase section */
		4F87D3D51A0FF99A002031CB /* Resources */ = {
			isa = PBXResourcesBuildPhase;
			buildActionMask = 2147483647;
			files = (
				4F87D3E51A0FF99A002031CB /* Main.storyboard in Resources */,
				4F87D3EA1A0FF99B002031CB /* LaunchScreen.xib in Resources */,
				4F87D3E71A0FF99A002031CB /* Images.xcassets in Resources */,
			);
			runOnlyForDeploymentPostprocessing = 0;
		};
		4F87D3ED1A0FF99B002031CB /* Resources */ = {
			isa = PBXResourcesBuildPhase;
			buildActionMask = 2147483647;
			files = (
			);
			runOnlyForDeploymentPostprocessing = 0;
		};
/* End PBXResourcesBuildPhase section */

/* Begin PBXSourcesBuildPhase section */
		4F87D3D31A0FF99A002031CB /* Sources */ = {
			isa = PBXSourcesBuildPhase;
			buildActionMask = 2147483647;
			files = (
				4F87D3E21A0FF99A002031CB /* ViewController.swift in Sources */,
				4F87D3DD1A0FF99A002031CB /* AppDelegate.swift in Sources */,
				4F87D41A1A0FFD9E002031CB /* dummy.m in Sources */,
				4F87D3E01A0FF99A002031CB /* PT1.xcdatamodeld in Sources */,
				4F50BE631A12985300921E99 /* People.swift in Sources */,
			);
			runOnlyForDeploymentPostprocessing = 0;
		};
		4F87D3EB1A0FF99B002031CB /* Sources */ = {
			isa = PBXSourcesBuildPhase;
			buildActionMask = 2147483647;
			files = (
				4F87D3F61A0FF99B002031CB /* PT1Tests.swift in Sources */,
			);
			runOnlyForDeploymentPostprocessing = 0;
		};
/* End PBXSourcesBuildPhase section */

/* Begin PBXTargetDependency section */
		4F87D3F11A0FF99B002031CB /* PBXTargetDependency */ = {
			isa = PBXTargetDependency;
			target = 4F87D3D61A0FF99A002031CB /* PT1 */;
			targetProxy = 4F87D3F01A0FF99B002031CB /* PBXContainerItemProxy */;
		};
/* End PBXTargetDependency section */

/* Begin PBXVariantGroup section */
		4F87D3E31A0FF99A002031CB /* Main.storyboard */ = {
			isa = PBXVariantGroup;
			children = (
				4F87D3E41A0FF99A002031CB /* Base */,
			);
			name = Main.storyboard;
			sourceTree = "<group>";
		};
		4F87D3E81A0FF99B002031CB /* LaunchScreen.xib */ = {
			isa = PBXVariantGroup;
			children = (
				4F87D3E91A0FF99B002031CB /* Base */,
			);
			name = LaunchScreen.xib;
			sourceTree = "<group>";
		};
/* End PBXVariantGroup section */

/* Begin XCBuildConfiguration section */
		4F87D3F71A0FF99B002031CB /* Debug */ = {
			isa = XCBuildConfiguration;
			buildSettings = {
				ALWAYS_SEARCH_USER_PATHS = NO;
				CLANG_CXX_LANGUAGE_STANDARD = "gnu++0x";
				CLANG_CXX_LIBRARY = "libc++";
				CLANG_ENABLE_MODULES = YES;
				CLANG_ENABLE_OBJC_ARC = YES;
				CLANG_WARN_BOOL_CONVERSION = YES;
				CLANG_WARN_CONSTANT_CONVERSION = YES;
				CLANG_WARN_DIRECT_OBJC_ISA_USAGE = YES_ERROR;
				CLANG_WARN_EMPTY_BODY = YES;
				CLANG_WARN_ENUM_CONVERSION = YES;
				CLANG_WARN_INT_CONVERSION = YES;
				CLANG_WARN_OBJC_ROOT_CLASS = YES_ERROR;
				CLANG_WARN_UNREACHABLE_CODE = YES;
				CLANG_WARN__DUPLICATE_METHOD_MATCH = YES;
				"CODE_SIGN_IDENTITY[sdk=iphoneos*]" = "iPhone Developer";
				COPY_PHASE_STRIP = NO;
				ENABLE_STRICT_OBJC_MSGSEND = YES;
				GCC_C_LANGUAGE_STANDARD = gnu99;
				GCC_DYNAMIC_NO_PIC = NO;
				GCC_OPTIMIZATION_LEVEL = 0;
				GCC_PREPROCESSOR_DEFINITIONS = (
					"DEBUG=1",
					"$(inherited)",
				);
				GCC_SYMBOLS_PRIVATE_EXTERN = NO;
				GCC_WARN_64_TO_32_BIT_CONVERSION = YES;
				GCC_WARN_ABOUT_RETURN_TYPE = YES_ERROR;
				GCC_WARN_UNDECLARED_SELECTOR = YES;
				GCC_WARN_UNINITIALIZED_AUTOS = YES_AGGRESSIVE;
				GCC_WARN_UNUSED_FUNCTION = YES;
				GCC_WARN_UNUSED_VARIABLE = YES;
				IPHONEOS_DEPLOYMENT_TARGET = 8.1;
				MTL_ENABLE_DEBUG_INFO = YES;
				ONLY_ACTIVE_ARCH = YES;
				SDKROOT = iphoneos;
				SWIFT_OPTIMIZATION_LEVEL = "-Onone";
			};
			name = Debug;
		};
		4F87D3F81A0FF99B002031CB /* Release */ = {
			isa = XCBuildConfiguration;
			buildSettings = {
				ALWAYS_SEARCH_USER_PATHS = NO;
				CLANG_CXX_LANGUAGE_STANDARD = "gnu++0x";
				CLANG_CXX_LIBRARY = "libc++";
				CLANG_ENABLE_MODULES = YES;
				CLANG_ENABLE_OBJC_ARC = YES;
				CLANG_WARN_BOOL_CONVERSION = YES;
				CLANG_WARN_CONSTANT_CONVERSION = YES;
				CLANG_WARN_DIRECT_OBJC_ISA_USAGE = YES_ERROR;
				CLANG_WARN_EMPTY_BODY = YES;
				CLANG_WARN_ENUM_CONVERSION = YES;
				CLANG_WARN_INT_CONVERSION = YES;
				CLANG_WARN_OBJC_ROOT_CLASS = YES_ERROR;
				CLANG_WARN_UNREACHABLE_CODE = YES;
				CLANG_WARN__DUPLICATE_METHOD_MATCH = YES;
				"CODE_SIGN_IDENTITY[sdk=iphoneos*]" = "iPhone Developer";
				COPY_PHASE_STRIP = YES;
				ENABLE_NS_ASSERTIONS = NO;
				ENABLE_STRICT_OBJC_MSGSEND = YES;
				GCC_C_LANGUAGE_STANDARD = gnu99;
				GCC_WARN_64_TO_32_BIT_CONVERSION = YES;
				GCC_WARN_ABOUT_RETURN_TYPE = YES_ERROR;
				GCC_WARN_UNDECLARED_SELECTOR = YES;
				GCC_WARN_UNINITIALIZED_AUTOS = YES_AGGRESSIVE;
				GCC_WARN_UNUSED_FUNCTION = YES;
				GCC_WARN_UNUSED_VARIABLE = YES;
				IPHONEOS_DEPLOYMENT_TARGET = 8.1;
				MTL_ENABLE_DEBUG_INFO = NO;
				SDKROOT = iphoneos;
				VALIDATE_PRODUCT = YES;
			};
			name = Release;
		};
		4F87D3FA1A0FF99B002031CB /* Debug */ = {
			isa = XCBuildConfiguration;
			buildSettings = {
				ASSETCATALOG_COMPILER_APPICON_NAME = AppIcon;
				CLANG_ENABLE_MODULES = YES;
				FRAMEWORK_SEARCH_PATHS = (
					"$(inherited)",
					"$(PROJECT_DIR)",
				);
				INFOPLIST_FILE = PT1/Info.plist;
				LD_RUNPATH_SEARCH_PATHS = "$(inherited) @executable_path/Frameworks";
				PRODUCT_NAME = "$(TARGET_NAME)";
				SWIFT_OBJC_BRIDGING_HEADER = "PT1-Bridging-Header.h";
				SWIFT_OPTIMIZATION_LEVEL = "-Onone";
			};
			name = Debug;
		};
		4F87D3FB1A0FF99B002031CB /* Release */ = {
			isa = XCBuildConfiguration;
			buildSettings = {
				ASSETCATALOG_COMPILER_APPICON_NAME = AppIcon;
				CLANG_ENABLE_MODULES = YES;
				FRAMEWORK_SEARCH_PATHS = (
					"$(inherited)",
					"$(PROJECT_DIR)",
				);
				INFOPLIST_FILE = PT1/Info.plist;
				LD_RUNPATH_SEARCH_PATHS = "$(inherited) @executable_path/Frameworks";
				PRODUCT_NAME = "$(TARGET_NAME)";
				SWIFT_OBJC_BRIDGING_HEADER = "PT1-Bridging-Header.h";
			};
			name = Release;
		};
		4F87D3FD1A0FF99B002031CB /* Debug */ = {
			isa = XCBuildConfiguration;
			buildSettings = {
				BUNDLE_LOADER = "$(TEST_HOST)";
				FRAMEWORK_SEARCH_PATHS = (
					"$(SDKROOT)/Developer/Library/Frameworks",
					"$(inherited)",
				);
				GCC_PREPROCESSOR_DEFINITIONS = (
					"DEBUG=1",
					"$(inherited)",
				);
				INFOPLIST_FILE = PT1Tests/Info.plist;
				LD_RUNPATH_SEARCH_PATHS = "$(inherited) @executable_path/Frameworks @loader_path/Frameworks";
				PRODUCT_NAME = "$(TARGET_NAME)";
				TEST_HOST = "$(BUILT_PRODUCTS_DIR)/PT1.app/PT1";
			};
			name = Debug;
		};
		4F87D3FE1A0FF99B002031CB /* Release */ = {
			isa = XCBuildConfiguration;
			buildSettings = {
				BUNDLE_LOADER = "$(TEST_HOST)";
				FRAMEWORK_SEARCH_PATHS = (
					"$(SDKROOT)/Developer/Library/Frameworks",
					"$(inherited)",
				);
				INFOPLIST_FILE = PT1Tests/Info.plist;
				LD_RUNPATH_SEARCH_PATHS = "$(inherited) @executable_path/Frameworks @loader_path/Frameworks";
				PRODUCT_NAME = "$(TARGET_NAME)";
				TEST_HOST = "$(BUILT_PRODUCTS_DIR)/PT1.app/PT1";
			};
			name = Release;
		};
/* End XCBuildConfiguration section */

/* Begin XCConfigurationList section */
		4F87D3D21A0FF99A002031CB /* Build configuration list for PBXProject "PT1" */ = {
			isa = XCConfigurationList;
			buildConfigurations = (
				4F87D3F71A0FF99B002031CB /* Debug */,
				4F87D3F81A0FF99B002031CB /* Release */,
			);
			defaultConfigurationIsVisible = 0;
			defaultConfigurationName = Release;
		};
		4F87D3F91A0FF99B002031CB /* Build configuration list for PBXNativeTarget "PT1" */ = {
			isa = XCConfigurationList;
			buildConfigurations = (
				4F87D3FA1A0FF99B002031CB /* Debug */,
				4F87D3FB1A0FF99B002031CB /* Release */,
			);
			defaultConfigurationIsVisible = 0;
			defaultConfigurationName = Release;
		};
		4F87D3FC1A0FF99B002031CB /* Build configuration list for PBXNativeTarget "PT1Tests" */ = {
			isa = XCConfigurationList;
			buildConfigurations = (
				4F87D3FD1A0FF99B002031CB /* Debug */,
				4F87D3FE1A0FF99B002031CB /* Release */,
			);
			defaultConfigurationIsVisible = 0;
			defaultConfigurationName = Release;
		};
/* End XCConfigurationList section */

/* Begin XCVersionGroup section */
		4F87D3DE1A0FF99A002031CB /* PT1.xcdatamodeld */ = {
			isa = XCVersionGroup;
			children = (
				4F87D3DF1A0FF99A002031CB /* PT1.xcdatamodel */,
			);
			currentVersion = 4F87D3DF1A0FF99A002031CB /* PT1.xcdatamodel */;
			path = PT1.xcdatamodeld;
			sourceTree = "<group>";
			versionGroupType = wrapper.xcdatamodel;
		};
/* End XCVersionGroup section */
	};
	rootObject = 4F87D3CF1A0FF99A002031CB /* Project object */;
}
